# This file is autogenerated, do not edit; changes may be undone by the next 'dep ensure'.


[[projects]]
  digest = "1:f9ae348e1f793dcf9ed930ed47136a67343dbd6809c5c91391322267f4476892"
  name = "github.com/Microsoft/go-winio"
  packages = ["."]
  pruneopts = "UT"
  revision = "97e4973ce50b2ff5f09635a57e2b88a037aae829"
  version = "v0.4.11"

[[projects]]
  digest = "1:0803645e1f57fb5271a6edc7570b9ea59bac2e5de67957075a43f3d74c8dbd97"
  name = "github.com/NYTimes/gziphandler"
  packages = ["."]
  pruneopts = "UT"
  revision = "2600fb119af974220d3916a5916d6e31176aac1b"
  version = "v1.0.1"

[[projects]]
  branch = "master"
  digest = "1:6117f0f7e754530e4dd7db211814e32a2ff53806900601fa49a64fa4cdcc070d"
  name = "github.com/ViBiOh/auth"
  packages = [
    "pkg/auth",
    "pkg/cookie",
    "pkg/model",
    "pkg/provider",
  ]
  pruneopts = "UT"
  revision = "4b3e81b3ef2f00c7288165f3becbb0d76795a4c9"

[[projects]]
  branch = "master"
  digest = "1:eae7b7b5e97cb9f0d23882e34d2869f867b046924496db6b3785d9c2e4dfcbf9"
  name = "github.com/ViBiOh/httputils"
  packages = [
    "pkg",
    "pkg/alcotest",
    "pkg/cert",
    "pkg/cors",
    "pkg/gzip",
    "pkg/healthcheck",
    "pkg/httperror",
    "pkg/httpjson",
    "pkg/model",
    "pkg/opentracing",
    "pkg/owasp",
    "pkg/query",
    "pkg/request",
    "pkg/rollbar",
    "pkg/server",
    "pkg/tools",
  ]
  pruneopts = "UT"
  revision = "462fc2b0349c2706e4aaa2f3ae86c1be3d2c83fe"

[[projects]]
  branch = "master"
  digest = "1:890dd570e765e2985b11e3d780a6cb6e17476c7e632e9b0a0e514a7687a96da3"
  name = "github.com/ViBiOh/mailer"
  packages = ["pkg/client"]
  pruneopts = "UT"
  revision = "0e775f70b772ad9ce966109e9461fb40f37497b3"

[[projects]]
  branch = "master"
  digest = "1:d6afaeed1502aa28e80a4ed0981d570ad91b2579193404256ce672ed0a609e0d"
  name = "github.com/beorn7/perks"
  packages = ["quantile"]
  pruneopts = "UT"
  revision = "3a771d992973f24aa725d07868b467d1ddfceafb"

[[projects]]
  branch = "master"
  digest = "1:4c4c33075b704791d6a7f09dfb55c66769e8a1dc6adf87026292d274fe8ad113"
  name = "github.com/codahale/hdrhistogram"
  packages = ["."]
  pruneopts = "UT"
  revision = "3a0bb77429bd3a61596f5e8a3172445844342120"

[[projects]]
  branch = "master"
  digest = "1:4189ee6a3844f555124d9d2656fe7af02fca961c2a9bad9074789df13a0c62e0"
  name = "github.com/docker/distribution"
  packages = [
    "digestset",
    "reference",
  ]
  pruneopts = "UT"
  revision = "b089e91688254eb5aef187f188c8ee0ebe4e4675"

[[projects]]
  branch = "master"
  digest = "1:3f6f0577213d032539b1900fb535c6eb8ed166d60264626c26033864d8ca2ba0"
  name = "github.com/docker/docker"
  packages = [
    "api",
    "api/types",
    "api/types/blkiodev",
    "api/types/container",
    "api/types/events",
    "api/types/filters",
    "api/types/image",
    "api/types/mount",
    "api/types/network",
    "api/types/registry",
    "api/types/strslice",
    "api/types/swarm",
    "api/types/swarm/runtime",
    "api/types/time",
    "api/types/versions",
    "api/types/volume",
    "client",
    "errdefs",
  ]
  pruneopts = "UT"
  revision = "ed392603acbf7849aa68d760c67d9c645ac035d8"

[[projects]]
  digest = "1:811c86996b1ca46729bad2724d4499014c4b9effd05ef8c71b852aad90deb0ce"
  name = "github.com/docker/go-connections"
  packages = [
    "nat",
    "sockets",
    "tlsconfig",
  ]
  pruneopts = "UT"
  revision = "7395e3f8aa162843a74ed6d48e79627d9792ac55"
  version = "v0.4.0"

[[projects]]
  digest = "1:6f82cacd0af5921e99bf3f46748705239b36489464f4529a1589bc895764fb18"
  name = "github.com/docker/go-units"
  packages = ["."]
  pruneopts = "UT"
  revision = "47565b4f722fb6ceae66b95f853feed578a4a51c"
  version = "v0.3.3"

[[projects]]
  digest = "1:bbadccf3d3317ea03c0dac0b45b673b4b397c8f91a1d2eff550a3c51c4ad770e"
  name = "github.com/gogo/protobuf"
  packages = ["proto"]
  pruneopts = "UT"
  revision = "636bf0302bc95575d69441b25a2603156ffdddf1"
  version = "v1.1.1"

[[projects]]
  digest = "1:97df918963298c287643883209a2c3f642e6593379f97ab400c2a2e219ab647d"
  name = "github.com/golang/protobuf"
  packages = ["proto"]
  pruneopts = "UT"
  revision = "aa810b61a9c79d51363740d207bb46cf8e620ed5"
  version = "v1.2.0"

[[projects]]
  digest = "1:7b5c6e2eeaa9ae5907c391a91c132abfd5c9e8a784a341b5625e750c67e6825d"
  name = "github.com/gorilla/websocket"
  packages = ["."]
  pruneopts = "UT"
  revision = "66b9c49e59c6c48f0ffce28c2d8b8a5678502c6d"
  version = "v1.4.0"

[[projects]]
  digest = "1:ff5ebae34cfbf047d505ee150de27e60570e8c394b3b8fdbb720ff6ac71985fc"
  name = "github.com/matttproud/golang_protobuf_extensions"
  packages = ["pbutil"]
  pruneopts = "UT"
  revision = "c12348ce28de40eed0136aa2b644d0ee0650e56c"
  version = "v1.0.1"

[[projects]]
  digest = "1:ee4d4af67d93cc7644157882329023ce9a7bcfce956a079069a9405521c7cc8d"
  name = "github.com/opencontainers/go-digest"
  packages = ["."]
  pruneopts = "UT"
  revision = "279bed98673dd5bef374d3b6e4b09e2af76183bf"
  version = "v1.0.0-rc1"

[[projects]]
  digest = "1:11db38d694c130c800d0aefb502fb02519e514dc53d9804ce51d1ad25ec27db6"
  name = "github.com/opencontainers/image-spec"
  packages = [
    "specs-go",
    "specs-go/v1",
  ]
  pruneopts = "UT"
  revision = "d60099175f88c47cd379c4738d158884749ed235"
  version = "v1.0.1"

[[projects]]
  branch = "master"
  digest = "1:264f2848854a41b03a6525ea6c1e858762caa34964a63dde898dc4bba339e50f"
  name = "github.com/opentracing-contrib/go-stdlib"
  packages = ["nethttp"]
  pruneopts = "UT"
  revision = "07a764486eb10927e8cf38337918a40d430524ee"

[[projects]]
  digest = "1:450b7623b185031f3a456801155c8320209f75d0d4c4e633c6b1e59d44d6e392"
  name = "github.com/opentracing/opentracing-go"
  packages = [
    ".",
    "ext",
    "log",
  ]
  pruneopts = "UT"
  revision = "1949ddbfd147afd4d964a9f00b24eb291e0e7c38"
  version = "v1.0.2"

[[projects]]
  digest = "1:40e195917a951a8bf867cd05de2a46aaf1806c50cf92eebf4c16f78cd196f747"
  name = "github.com/pkg/errors"
  packages = ["."]
  pruneopts = "UT"
  revision = "645ef00459ed84a119197bfb8d8205042c6df63d"
  version = "v0.8.0"

[[projects]]
  digest = "1:d14a5f4bfecf017cb780bdde1b6483e5deb87e12c332544d2c430eda58734bcb"
  name = "github.com/prometheus/client_golang"
  packages = [
    "prometheus",
    "prometheus/promhttp",
  ]
  pruneopts = "UT"
  revision = "c5b7fccd204277076155f10851dad72b76a49317"
  version = "v0.8.0"

[[projects]]
  branch = "master"
  digest = "1:2d5cd61daa5565187e1d96bae64dbbc6080dacf741448e9629c64fd93203b0d4"
  name = "github.com/prometheus/client_model"
  packages = ["go"]
  pruneopts = "UT"
  revision = "5c3871d89910bfb32f5fcab2aa4b9ec68e65a99f"

[[projects]]
  branch = "master"
  digest = "1:63b68062b8968092eb86bedc4e68894bd096ea6b24920faca8b9dcf451f54bb5"
  name = "github.com/prometheus/common"
  packages = [
    "expfmt",
    "internal/bitbucket.org/ww/goautoneg",
    "model",
  ]
  pruneopts = "UT"
  revision = "c7de2306084e37d54b8be01f3541a8464345e9a5"

[[projects]]
  branch = "master"
  digest = "1:8c49953a1414305f2ff5465147ee576dd705487c35b15918fcd4efdc0cb7a290"
  name = "github.com/prometheus/procfs"
  packages = [
    ".",
    "internal/util",
    "nfs",
    "xfs",
  ]
  pruneopts = "UT"
  revision = "05ee40e3a273f7245e8777337fc7b46e533a9a92"

[[projects]]
  digest = "1:8b6db3b490230af0836cd57f2da94e092ac0c2837fe24e762458006531749b53"
  name = "github.com/rollbar/rollbar-go"
  packages = ["."]
  pruneopts = "UT"
  revision = "5f41889d7c6a59e4add07998cf776b1d335d287f"
  version = "v1.0.1"

[[projects]]
  digest = "1:104a2d7446f4628e4663d7c029b18da1aad4313735de775f37b6e7720b1d0aa7"
  name = "github.com/uber/jaeger-client-go"
  packages = [
    ".",
    "config",
    "internal/baggage",
    "internal/baggage/remote",
    "internal/spanlog",
    "internal/throttler",
    "internal/throttler/remote",
    "log",
    "rpcmetrics",
    "thrift",
    "thrift-gen/agent",
    "thrift-gen/baggage",
    "thrift-gen/jaeger",
    "thrift-gen/sampling",
    "thrift-gen/zipkincore",
    "utils",
  ]
  pruneopts = "UT"
  revision = "b043381d944715b469fd6b37addfd30145ca1758"
  version = "v2.14.0"

[[projects]]
  digest = "1:0f09db8429e19d57c8346ad76fbbc679341fa86073d3b8fb5ac919f0357d8f4c"
  name = "github.com/uber/jaeger-lib"
  packages = ["metrics"]
  pruneopts = "UT"
  revision = "ed3a127ec5fef7ae9ea95b01b542c47fbd999ce5"
  version = "v1.5.0"

[[projects]]
  branch = "master"
  digest = "1:d9f9f45d3383b93ce1c7e744b3ede6974917ae4d100e1a7abfc2906e5e5e2e28"
  name = "golang.org/x/net"
  packages = [
    "context",
    "context/ctxhttp",
    "internal/socks",
    "proxy",
  ]
  pruneopts = "UT"
  revision = "26e67e76b6c3f6ce91f7c52def5af501b4e0f3a2"

[[projects]]
  branch = "master"
  digest = "1:29002e64d6ff5a3ca18805f6fa641be58a4d963026d83b051762faf58b6b893e"
  name = "golang.org/x/sys"
  packages = ["windows"]
  pruneopts = "UT"
  revision = "d0be0721c37eeb5299f245a996a483160fc36940"

[[projects]]
  branch = "v2"
  digest = "1:342378ac4dcb378a5448dd723f0784ae519383532f5e70ade24132c4c8693202"
  name = "gopkg.in/yaml.v2"
  packages = ["."]
  pruneopts = "UT"
  revision = "5420a8b6744d3b0345ab293f6fcba19c978f1183"

[solve-meta]
  analyzer-name = "dep"
  analyzer-version = 1
  input-imports = [
    "github.com/ViBiOh/auth/pkg/auth",
    "github.com/ViBiOh/auth/pkg/model",
    "github.com/ViBiOh/httputils/pkg",
    "github.com/ViBiOh/httputils/pkg/alcotest",
    "github.com/ViBiOh/httputils/pkg/cors",
    "github.com/ViBiOh/httputils/pkg/gzip",
    "github.com/ViBiOh/httputils/pkg/healthcheck",
    "github.com/ViBiOh/httputils/pkg/httperror",
    "github.com/ViBiOh/httputils/pkg/httpjson",
    "github.com/ViBiOh/httputils/pkg/opentracing",
    "github.com/ViBiOh/httputils/pkg/owasp",
    "github.com/ViBiOh/httputils/pkg/request",
    "github.com/ViBiOh/httputils/pkg/rollbar",
    "github.com/ViBiOh/httputils/pkg/server",
    "github.com/ViBiOh/httputils/pkg/tools",
    "github.com/ViBiOh/mailer/pkg/client",
    "github.com/docker/docker/api/types",
    "github.com/docker/docker/api/types/container",
    "github.com/docker/docker/api/types/filters",
    "github.com/docker/docker/api/types/mount",
    "github.com/docker/docker/api/types/network",
    "github.com/docker/docker/client",
    "github.com/gorilla/websocket",
    "github.com/opentracing/opentracing-go",
    "gopkg.in/yaml.v2",
  ]
  solver-name = "gps-cdcl"
  solver-version = 1
