# This file is autogenerated, do not edit; changes may be undone by the next 'dep ensure'.


[[projects]]
  digest = "1:f9ae348e1f793dcf9ed930ed47136a67343dbd6809c5c91391322267f4476892"
  name = "github.com/Microsoft/go-winio"
  packages = ["."]
  pruneopts = "UT"
  revision = "1a8911d1ed007260465c3bfbbc785ac6915a0bb8"
  version = "v0.4.12"

[[projects]]
  digest = "1:af6e785bedb62fc2abb81977c58a7a44e5cf9f7e41b8d3c8dd4d872edea0ce08"
  name = "github.com/NYTimes/gziphandler"
  packages = ["."]
  pruneopts = "UT"
  revision = "dd0439581c7657cb652dfe5c71d7d48baf39541d"
  version = "v1.1.1"

[[projects]]
  branch = "master"
  digest = "1:c6e4c979c78e09d041a5e82d5a58d6039fe689af51508dd7635ece1c44a73052"
  name = "github.com/ViBiOh/auth"
  packages = [
    "pkg/auth",
    "pkg/cookie",
    "pkg/ident",
    "pkg/model",
  ]
  pruneopts = "UT"
  revision = "00a6f96c17e99bb62d86e395830fbae0b3456c2c"

[[projects]]
  branch = "master"
  digest = "1:bf1ce699d5c0feb135eb679439eaa6432cba3fb6556c464c09ff5d8d7aff7fe5"
  name = "github.com/ViBiOh/httputils"
  packages = [
    "pkg",
    "pkg/alcotest",
    "pkg/cert",
    "pkg/cors",
    "pkg/crud",
    "pkg/errors",
    "pkg/gzip",
    "pkg/healthcheck",
    "pkg/httperror",
    "pkg/httpjson",
    "pkg/logger",
    "pkg/model",
    "pkg/opentracing",
    "pkg/owasp",
    "pkg/pagination",
    "pkg/prometheus",
    "pkg/query",
    "pkg/request",
    "pkg/rollbar",
    "pkg/server",
    "pkg/tools",
  ]
  pruneopts = "UT"
  revision = "9dfd599fe510ee361516657fe3579ba2533d4e69"

[[projects]]
  branch = "master"
  digest = "1:d2fc922625e630dcc16edcf7a7e7fe0b31143189d5ad065041e2aa08dbd1ce2b"
  name = "github.com/ViBiOh/mailer"
  packages = ["pkg/client"]
  pruneopts = "UT"
  revision = "916d74fb4cd3fb1cec6eb8e4e017d4267f0b704d"

[[projects]]
  branch = "master"
  digest = "1:d6afaeed1502aa28e80a4ed0981d570ad91b2579193404256ce672ed0a609e0d"
  name = "github.com/beorn7/perks"
  packages = ["quantile"]
  pruneopts = "UT"
  revision = "3a771d992973f24aa725d07868b467d1ddfceafb"

[[projects]]
  branch = "master"
  digest = "1:4c4c33075b704791d6a7f09dfb55c66769e8a1dc6adf87026292d274fe8ad113"
  name = "github.com/codahale/hdrhistogram"
  packages = ["."]
  pruneopts = "UT"
  revision = "3a0bb77429bd3a61596f5e8a3172445844342120"

[[projects]]
  branch = "master"
  digest = "1:4c7d169280debf9f36b84a0f682094889cccc5dc0db8657f9cffc93b21975a57"
  name = "github.com/docker/distribution"
  packages = [
    "digestset",
    "reference",
  ]
  pruneopts = "UT"
  revision = "0d3efadf0154c2b8a4e7b6621fff9809655cc580"

[[projects]]
  branch = "master"
  digest = "1:e20941f8d1a844fc971cf2fef6a573ee0edf285f4ed66d90a8b5bf001a3e7d10"
  name = "github.com/docker/docker"
  packages = [
    "api",
    "api/types",
    "api/types/blkiodev",
    "api/types/container",
    "api/types/events",
    "api/types/filters",
    "api/types/image",
    "api/types/mount",
    "api/types/network",
    "api/types/registry",
    "api/types/strslice",
    "api/types/swarm",
    "api/types/swarm/runtime",
    "api/types/time",
    "api/types/versions",
    "api/types/volume",
    "client",
    "errdefs",
  ]
  pruneopts = "UT"
  revision = "cbb885b07af59225eef12a8159e70d1485616d57"

[[projects]]
  digest = "1:811c86996b1ca46729bad2724d4499014c4b9effd05ef8c71b852aad90deb0ce"
  name = "github.com/docker/go-connections"
  packages = [
    "nat",
    "sockets",
    "tlsconfig",
  ]
  pruneopts = "UT"
  revision = "7395e3f8aa162843a74ed6d48e79627d9792ac55"
  version = "v0.4.0"

[[projects]]
  digest = "1:6f82cacd0af5921e99bf3f46748705239b36489464f4529a1589bc895764fb18"
  name = "github.com/docker/go-units"
  packages = ["."]
  pruneopts = "UT"
  revision = "47565b4f722fb6ceae66b95f853feed578a4a51c"
  version = "v0.3.3"

[[projects]]
  digest = "1:48092bf6632f55839850666c33469f546f6d45fdbd59a66759ec12e84d853dc2"
  name = "github.com/gogo/protobuf"
  packages = ["proto"]
  pruneopts = "UT"
  revision = "ba06b47c162d49f2af050fb4c75bcbc86a159d5c"
  version = "v1.2.1"

[[projects]]
  digest = "1:97df918963298c287643883209a2c3f642e6593379f97ab400c2a2e219ab647d"
  name = "github.com/golang/protobuf"
  packages = ["proto"]
  pruneopts = "UT"
  revision = "aa810b61a9c79d51363740d207bb46cf8e620ed5"
  version = "v1.2.0"

[[projects]]
  digest = "1:7b5c6e2eeaa9ae5907c391a91c132abfd5c9e8a784a341b5625e750c67e6825d"
  name = "github.com/gorilla/websocket"
  packages = ["."]
  pruneopts = "UT"
  revision = "66b9c49e59c6c48f0ffce28c2d8b8a5678502c6d"
  version = "v1.4.0"

[[projects]]
  digest = "1:ff5ebae34cfbf047d505ee150de27e60570e8c394b3b8fdbb720ff6ac71985fc"
  name = "github.com/matttproud/golang_protobuf_extensions"
  packages = ["pbutil"]
  pruneopts = "UT"
  revision = "c12348ce28de40eed0136aa2b644d0ee0650e56c"
  version = "v1.0.1"

[[projects]]
  digest = "1:ee4d4af67d93cc7644157882329023ce9a7bcfce956a079069a9405521c7cc8d"
  name = "github.com/opencontainers/go-digest"
  packages = ["."]
  pruneopts = "UT"
  revision = "279bed98673dd5bef374d3b6e4b09e2af76183bf"
  version = "v1.0.0-rc1"

[[projects]]
  digest = "1:11db38d694c130c800d0aefb502fb02519e514dc53d9804ce51d1ad25ec27db6"
  name = "github.com/opencontainers/image-spec"
  packages = [
    "specs-go",
    "specs-go/v1",
  ]
  pruneopts = "UT"
  revision = "d60099175f88c47cd379c4738d158884749ed235"
  version = "v1.0.1"

[[projects]]
  branch = "master"
  digest = "1:79c4e50acb2d5c0938b10b6536306693fd72a42f79f2e868df12d059671b419d"
  name = "github.com/opentracing-contrib/go-stdlib"
  packages = ["nethttp"]
  pruneopts = "UT"
  revision = "464eb271c715662757b5c583d6b020270873f529"

[[projects]]
  digest = "1:450b7623b185031f3a456801155c8320209f75d0d4c4e633c6b1e59d44d6e392"
  name = "github.com/opentracing/opentracing-go"
  packages = [
    ".",
    "ext",
    "log",
  ]
  pruneopts = "UT"
  revision = "1949ddbfd147afd4d964a9f00b24eb291e0e7c38"
  version = "v1.0.2"

[[projects]]
  digest = "1:cf31692c14422fa27c83a05292eb5cbe0fb2775972e8f1f8446a71549bd8980b"
  name = "github.com/pkg/errors"
  packages = ["."]
  pruneopts = "UT"
  revision = "ba968bfe8b2f7e042a574c888954fccecfa385b4"
  version = "v0.8.1"

[[projects]]
  digest = "1:93a746f1060a8acbcf69344862b2ceced80f854170e1caae089b2834c5fbf7f4"
  name = "github.com/prometheus/client_golang"
  packages = [
    "prometheus",
    "prometheus/internal",
    "prometheus/promhttp",
  ]
  pruneopts = "UT"
  revision = "505eaef017263e299324067d40ca2c48f6a2cf50"
  version = "v0.9.2"

[[projects]]
  branch = "master"
  digest = "1:2d5cd61daa5565187e1d96bae64dbbc6080dacf741448e9629c64fd93203b0d4"
  name = "github.com/prometheus/client_model"
  packages = ["go"]
  pruneopts = "UT"
  revision = "fd36f4220a901265f90734c3183c5f0c91daa0b8"

[[projects]]
  digest = "1:35cf6bdf68db765988baa9c4f10cc5d7dda1126a54bd62e252dbcd0b1fc8da90"
  name = "github.com/prometheus/common"
  packages = [
    "expfmt",
    "internal/bitbucket.org/ww/goautoneg",
    "model",
  ]
  pruneopts = "UT"
  revision = "cfeb6f9992ffa54aaa4f2170ade4067ee478b250"
  version = "v0.2.0"

[[projects]]
  branch = "master"
  digest = "1:ca30ee2c96d195cef49b546d10825d3e13b50c63da4df23c80e77c51e07bad0d"
  name = "github.com/prometheus/procfs"
  packages = [
    ".",
    "internal/util",
    "iostats",
    "nfs",
    "xfs",
  ]
  pruneopts = "UT"
  revision = "e4d4a2206da023361ed100d85c5f2cf9c8364e9f"

[[projects]]
  digest = "1:03a89169777b38862145711ef2317a36e19e1cdf717ab622e196f6a851b71ad9"
  name = "github.com/rollbar/rollbar-go"
  packages = ["."]
  pruneopts = "UT"
  revision = "d450a931d7a085523b60f0f7c98487333a8ce5fa"
  version = "v1.0.2"

[[projects]]
  digest = "1:ac6f26e917fd2fb3194a7ebe2baf6fb32de2f2fbfed130c18aac0e758a6e1d22"
  name = "github.com/uber/jaeger-client-go"
  packages = [
    ".",
    "config",
    "internal/baggage",
    "internal/baggage/remote",
    "internal/spanlog",
    "internal/throttler",
    "internal/throttler/remote",
    "log",
    "rpcmetrics",
    "thrift",
    "thrift-gen/agent",
    "thrift-gen/baggage",
    "thrift-gen/jaeger",
    "thrift-gen/sampling",
    "thrift-gen/zipkincore",
    "transport",
    "utils",
  ]
  pruneopts = "UT"
  revision = "1a782e2da844727691fef1757c72eb190c2909f0"
  version = "v2.15.0"

[[projects]]
  digest = "1:0f09db8429e19d57c8346ad76fbbc679341fa86073d3b8fb5ac919f0357d8f4c"
  name = "github.com/uber/jaeger-lib"
  packages = ["metrics"]
  pruneopts = "UT"
  revision = "ed3a127ec5fef7ae9ea95b01b542c47fbd999ce5"
  version = "v1.5.0"

[[projects]]
  branch = "master"
  digest = "1:0b851485460e2bf7e8a5eeb9d115e8f89f3a82b6ccd4388892be08bb5f216d44"
  name = "golang.org/x/net"
  packages = [
    "context",
    "internal/socks",
    "proxy",
  ]
  pruneopts = "UT"
  revision = "3a22650c66bd7f4fb6d1e8072ffd7b75c8a27898"

[[projects]]
  branch = "master"
  digest = "1:237e8294fc988c135a81cfce460263ac3806d86ba9faef52130ddcc1ddd22fd4"
  name = "golang.org/x/sys"
  packages = ["windows"]
  pruneopts = "UT"
  revision = "cd391775e71e684db52b63df9affd58269495083"

[[projects]]
  branch = "v2"
  digest = "1:4d2e5a73dc1500038e504a8d78b986630e3626dc027bc030ba5c75da257cdb96"
  name = "gopkg.in/yaml.v2"
  packages = ["."]
  pruneopts = "UT"
  revision = "51d6538a90f86fe93ac480b35f37b2be17fef232"

[solve-meta]
  analyzer-name = "dep"
  analyzer-version = 1
  input-imports = [
    "github.com/ViBiOh/auth/pkg/auth",
    "github.com/ViBiOh/auth/pkg/model",
    "github.com/ViBiOh/httputils/pkg",
    "github.com/ViBiOh/httputils/pkg/alcotest",
    "github.com/ViBiOh/httputils/pkg/cors",
    "github.com/ViBiOh/httputils/pkg/errors",
    "github.com/ViBiOh/httputils/pkg/gzip",
    "github.com/ViBiOh/httputils/pkg/healthcheck",
    "github.com/ViBiOh/httputils/pkg/httperror",
    "github.com/ViBiOh/httputils/pkg/httpjson",
    "github.com/ViBiOh/httputils/pkg/logger",
    "github.com/ViBiOh/httputils/pkg/opentracing",
    "github.com/ViBiOh/httputils/pkg/owasp",
    "github.com/ViBiOh/httputils/pkg/prometheus",
    "github.com/ViBiOh/httputils/pkg/request",
    "github.com/ViBiOh/httputils/pkg/rollbar",
    "github.com/ViBiOh/httputils/pkg/server",
    "github.com/ViBiOh/httputils/pkg/tools",
    "github.com/ViBiOh/mailer/pkg/client",
    "github.com/docker/docker/api/types",
    "github.com/docker/docker/api/types/container",
    "github.com/docker/docker/api/types/filters",
    "github.com/docker/docker/api/types/mount",
    "github.com/docker/docker/api/types/network",
    "github.com/docker/docker/client",
    "github.com/gorilla/websocket",
    "github.com/opentracing/opentracing-go",
    "gopkg.in/yaml.v2",
  ]
  solver-name = "gps-cdcl"
  solver-version = 1
