# This file is autogenerated, do not edit; changes may be undone by the next 'dep ensure'.


[[projects]]
  name = "github.com/Microsoft/go-winio"
  packages = ["."]
  revision = "7da180ee92d8bd8bb8c37fc560e673e6557c392f"
  version = "v0.4.7"

[[projects]]
  name = "github.com/NYTimes/gziphandler"
  packages = ["."]
  revision = "2600fb119af974220d3916a5916d6e31176aac1b"
  version = "v1.0.1"

[[projects]]
  branch = "master"
  name = "github.com/ViBiOh/auth"
  packages = [
    "pkg/auth",
    "pkg/cookie",
    "pkg/model",
    "pkg/provider"
  ]
  revision = "de43d4fb5d0c5a22c65775e0a6cfe1dec493ac7e"

[[projects]]
  branch = "master"
  name = "github.com/ViBiOh/httputils"
  packages = [
    "pkg",
    "pkg/alcotest",
    "pkg/cert",
    "pkg/cors",
    "pkg/healthcheck",
    "pkg/httperror",
    "pkg/httpjson",
    "pkg/owasp",
    "pkg/request",
    "pkg/server",
    "pkg/tools"
  ]
  revision = "ea01d4c472e6c5bb84aa1b35fe08aca414f70a12"

[[projects]]
  branch = "master"
  name = "github.com/docker/distribution"
  packages = [
    "digestset",
    "reference"
  ]
  revision = "83389a148052d74ac602f5f1d62f86ff2f3c4aa5"

[[projects]]
  branch = "master"
  name = "github.com/docker/docker"
  packages = [
    "api",
    "api/types",
    "api/types/blkiodev",
    "api/types/container",
    "api/types/events",
    "api/types/filters",
    "api/types/image",
    "api/types/mount",
    "api/types/network",
    "api/types/registry",
    "api/types/strslice",
    "api/types/swarm",
    "api/types/swarm/runtime",
    "api/types/time",
    "api/types/versions",
    "api/types/volume",
    "client"
  ]
  revision = "76e43532f60355220619b5ff808c0d2cd4bd624b"

[[projects]]
  name = "github.com/docker/go-connections"
  packages = [
    "nat",
    "sockets",
    "tlsconfig"
  ]
  revision = "3ede32e2033de7505e6500d6c868c2b9ed9f169d"
  version = "v0.3.0"

[[projects]]
  name = "github.com/docker/go-units"
  packages = ["."]
  revision = "47565b4f722fb6ceae66b95f853feed578a4a51c"
  version = "v0.3.3"

[[projects]]
  name = "github.com/gogo/protobuf"
  packages = ["proto"]
  revision = "1adfc126b41513cc696b209667c8656ea7aac67c"
  version = "v1.0.0"

[[projects]]
  name = "github.com/gorilla/websocket"
  packages = ["."]
  revision = "ea4d1f681babbce9545c9c5f3d5194a789c89f5b"
  version = "v1.2.0"

[[projects]]
  name = "github.com/opencontainers/go-digest"
  packages = ["."]
  revision = "279bed98673dd5bef374d3b6e4b09e2af76183bf"
  version = "v1.0.0-rc1"

[[projects]]
  name = "github.com/opencontainers/image-spec"
  packages = [
    "specs-go",
    "specs-go/v1"
  ]
  revision = "d60099175f88c47cd379c4738d158884749ed235"
  version = "v1.0.1"

[[projects]]
  name = "github.com/pkg/errors"
  packages = ["."]
  revision = "645ef00459ed84a119197bfb8d8205042c6df63d"
  version = "v0.8.0"

[[projects]]
  branch = "master"
  name = "golang.org/x/net"
  packages = [
    "context",
    "context/ctxhttp",
    "internal/socks",
    "proxy"
  ]
  revision = "2491c5de3490fced2f6cff376127c667efeed857"

[[projects]]
  branch = "master"
  name = "golang.org/x/sys"
  packages = ["windows"]
  revision = "7c87d13f8e835d2fb3a70a2912c811ed0c1d241b"

[[projects]]
  name = "gopkg.in/yaml.v2"
  packages = ["."]
  revision = "5420a8b6744d3b0345ab293f6fcba19c978f1183"
  version = "v2.2.1"

[solve-meta]
  analyzer-name = "dep"
  analyzer-version = 1
  inputs-digest = "6535986368dfb99b333fa48dfa6ee321f8ed69fe0db418817cd9a91aebf6cfed"
  solver-name = "gps-cdcl"
  solver-version = 1
